#MicroXplorer Configuration settings - do not modify
Mcu.Family=STM32L0
VP_RTC_VS_RTC_Activate.Signal=RTC_VS_RTC_Activate
RCC.MSI_VALUE=2097000
ProjectManager.MainLocation=Core/Src
ProjectManager.ProjectFileName=Abhainn-IoT.ioc
ProjectManager.KeepUserCode=true
PA10.Mode=I2C
Mcu.UserName=STM32L031K6Tx
Mcu.PinsNb=9
ProjectManager.NoMain=false
RCC.LPUARTFreq_Value=2097000
RCC.PLLCLKFreq_Value=24000000
PA9.GPIO_Label=PRESSURE_SCL
ProjectManager.functionlistsort=1-MX_GPIO_Init-GPIO-false-HAL-true,2-SystemClock_Config-RCC-false-HAL-false,3-MX_I2C1_Init-I2C1-false-HAL-true,4-MX_LPUART1_UART_Init-LPUART1-false-HAL-true,5-MX_RTC_Init-RTC-false-HAL-true
PA9.GPIOParameters=GPIO_Label
VP_RTC_VS_RTC_Activate.Mode=RTC_Enabled
RCC.RTCFreq_Value=37000
LPUART1.WordLength=UART_WORDLENGTH_8B
ProjectManager.DefaultFWLocation=true
RCC.USART2Freq_Value=2097000
NVIC.SVC_IRQn=true\:0\:0\:false\:false\:true\:false\:false
ProjectManager.DeletePrevious=true
LPUART1.IPParameters=WordLength,Parity,BaudRate
PinOutPanel.RotationAngle=0
RCC.FamilyName=M
ProjectManager.StackSize=0x400
NVIC.RTC_IRQn=true\:0\:0\:false\:false\:true\:true\:true
RCC.WatchDogFreq_Value=37000
PA3.Mode=Multiprocessor_communication
PA13.Signal=SYS_SWDIO
Mcu.IP4=RTC
RCC.HSI16_VALUE=16000000
Mcu.IP5=SYS
Mcu.IP2=NVIC
I2C1.IPParameters=OwnAddress
Mcu.IP3=RCC
Mcu.IP0=I2C1
PA9.Mode=I2C
Mcu.IP1=LPUART1
Mcu.UserConstants=
ProjectManager.TargetToolchain=STM32CubeIDE
Mcu.ThirdPartyNb=0
Mcu.IPNb=6
ProjectManager.PreviousToolchain=STM32CubeIDE
VP_RTC_VS_RTC_WakeUp_intern.Signal=RTC_VS_RTC_WakeUp_intern
RCC.APB2TimFreq_Value=2097000
PA9.Signal=I2C1_SCL
LPUART1.Parity=UART_PARITY_NONE
Mcu.Pin6=VP_RTC_VS_RTC_Activate
Mcu.Pin7=VP_RTC_VS_RTC_WakeUp_intern
ProjectManager.RegisterCallBack=
Mcu.Pin8=VP_SYS_VS_Systick
RCC.LSE_VALUE=32768
RCC.AHBFreq_Value=2097000
Mcu.Pin0=PA2
Mcu.Pin1=PA3
GPIO.groupedBy=Group By Peripherals
Mcu.Pin2=PA9
Mcu.Pin3=PA10
Mcu.Pin4=PA13
Mcu.Pin5=PA14
ProjectManager.ProjectBuild=false
RCC.HSE_VALUE=8000000
board=custom
RCC.VCOOutputFreq_Value=48000000
NVIC.SysTick_IRQn=true\:0\:0\:false\:false\:true\:false\:true
ProjectManager.LastFirmware=false
ProjectManager.FirmwarePackage=STM32Cube FW_L0 V1.12.0
MxDb.Version=DB.6.0.21
RCC.APB2Freq_Value=2097000
ProjectManager.BackupPrevious=false
MxCube.Version=6.2.1
RCC.I2C1Freq_Value=2097000
PA14.Mode=Serial_Wire
File.Version=6
VP_SYS_VS_Systick.Mode=SysTick
PA10.GPIOParameters=GPIO_Label
PA10.GPIO_Label=PRESSURE_SDA
NVIC.NonMaskableInt_IRQn=true\:0\:0\:false\:false\:true\:false\:false
NVIC.PendSV_IRQn=true\:0\:0\:false\:false\:true\:false\:false
PA13.Mode=Serial_Wire
ProjectManager.FreePins=false
RCC.IPParameters=AHBFreq_Value,APB1Freq_Value,APB1TimFreq_Value,APB2Freq_Value,APB2TimFreq_Value,FamilyName,HSE_VALUE,HSI16_VALUE,HSI_VALUE,I2C1Freq_Value,LPTIMFreq_Value,LPUARTFreq_Value,LSE_VALUE,LSI_VALUE,MSI_VALUE,PLLCLKFreq_Value,PWRFreq_Value,RTCFreq_Value,RTCHSEDivFreq_Value,SYSCLKFreq_VALUE,TIMFreq_Value,USART2Freq_Value,VCOOutputFreq_Value,WatchDogFreq_Value
ProjectManager.AskForMigrate=true
Mcu.Name=STM32L031K(4-6)Tx
ProjectManager.HalAssertFull=false
LPUART1.BaudRate=9600
RCC.RTCHSEDivFreq_Value=4000000
PA2.Signal=LPUART1_TX
ProjectManager.ProjectName=Abhainn-IoT
ProjectManager.UnderRoot=true
I2C1.OwnAddress=0x76
ProjectManager.CoupleFile=false
RCC.SYSCLKFreq_VALUE=2097000
Mcu.Package=LQFP32
NVIC.ForceEnableDMAVector=true
KeepUserPlacement=false
ProjectManager.CompilerOptimize=6
ProjectManager.ToolChainLocation=
RCC.LSI_VALUE=37000
VP_SYS_VS_Systick.Signal=SYS_VS_Systick
PA10.Signal=I2C1_SDA
PA14.Signal=SYS_SWCLK
ProjectManager.HeapSize=0x200
NVIC.HardFault_IRQn=true\:0\:0\:false\:false\:true\:false\:false
ProjectManager.ComputerToolchain=false
RCC.HSI_VALUE=16000000
VP_RTC_VS_RTC_WakeUp_intern.Mode=WakeUp
RCC.APB1TimFreq_Value=2097000
PA2.Mode=Multiprocessor_communication
RCC.PWRFreq_Value=2097000
RCC.APB1Freq_Value=2097000
ProjectManager.CustomerFirmwarePackage=
ProjectManager.DeviceId=STM32L031K6Tx
ProjectManager.LibraryCopy=1
RCC.LPTIMFreq_Value=2097000
PA3.Signal=LPUART1_RX
RCC.TIMFreq_Value=2097000
isbadioc=false
